
Microsoft Visual Studio Solution File, Format Version 12.00
# Visual Studio 2012
Project("{FAE04EC0-301F-11D3-BF4B-00C04F79EFBC}") = "Cucke_Demo", "Cucke_Demo\Cucke_Demo.csproj", "{B350E80C-ED1E-4DB6-B161-15F253FEE7C7}"
EndProject
Global
	GlobalSection(SolutionConfigurationPlatforms) = preSolution
		Debug|Any CPU = Debug|Any CPU
		Release|Any CPU = Release|Any CPU
	EndGlobalSection
	GlobalSection(ProjectConfigurationPlatforms) = postSolution
		{B350E80C-ED1E-4DB6-B161-15F253FEE7C7}.Debug|Any CPU.ActiveCfg = Debug|Any CPU
		{B350E80C-ED1E-4DB6-B161-15F253FEE7C7}.Debug|Any CPU.Build.0 = Debug|Any CPU
		{B350E80C-ED1E-4DB6-B161-15F253FEE7C7}.Release|Any CPU.ActiveCfg = Release|Any CPU
		{B350E80C-ED1E-4DB6-B161-15F253FEE7C7}.Release|Any CPU.Build.0 = Release|Any CPU
	EndGlobalSection
EndGlobal
